
Microsoft Visual Studio Solution File, Format Version 12.00
# Visual Studio Version 16
VisualStudioVersion = 16.0.31129.286
MinimumVisualStudioVersion = 10.0.40219.1
Project("{FAE04EC0-301F-11D3-BF4B-00C04F79EFBC}") = "BhapticsPopOne", "BhapticsPopOne\BhapticsPopOne.csproj", "{789BE38B-1267-488B-8952-014F21D8F5E7}"
EndProject
Project("{9A19103F-16F7-4668-BE54-9A1E7A4F7556}") = "AuthenticationHelper", "AuthenticationHelper\AuthenticationHelper.csproj", "{02A34CDD-F38E-4E36-B6A4-5B308679D065}"
EndProject
Project("{FAE04EC0-301F-11D3-BF4B-00C04F79EFBC}") = "LoginCapture", "LoginCapture\LoginCapture.csproj", "{C0F66D54-3E3C-4BCB-A2B4-B60EFF6E4C89}"
EndProject
Global
	GlobalSection(SolutionConfigurationPlatforms) = preSolution
		Debug|Android = Debug|Android
		Debug|Desktop = Debug|Desktop
		Release|Android = Release|Android
		Release|Desktop = Release|Desktop
	EndGlobalSection
	GlobalSection(ProjectConfigurationPlatforms) = postSolution
		{789BE38B-1267-488B-8952-014F21D8F5E7}.Debug|Android.ActiveCfg = Debug|Android
		{789BE38B-1267-488B-8952-014F21D8F5E7}.Debug|Android.Build.0 = Debug|Android
		{789BE38B-1267-488B-8952-014F21D8F5E7}.Debug|Desktop.ActiveCfg = Debug|Any CPU
		{789BE38B-1267-488B-8952-014F21D8F5E7}.Debug|Desktop.Build.0 = Debug|Any CPU
		{789BE38B-1267-488B-8952-014F21D8F5E7}.Release|Android.ActiveCfg = Release|x64
		{789BE38B-1267-488B-8952-014F21D8F5E7}.Release|Android.Build.0 = Release|x64
		{789BE38B-1267-488B-8952-014F21D8F5E7}.Release|Desktop.ActiveCfg = Release|Any CPU
		{789BE38B-1267-488B-8952-014F21D8F5E7}.Release|Desktop.Build.0 = Release|Any CPU
		{02A34CDD-F38E-4E36-B6A4-5B308679D065}.Debug|Android.ActiveCfg = Debug|Any CPU
		{02A34CDD-F38E-4E36-B6A4-5B308679D065}.Debug|Android.Build.0 = Debug|Any CPU
		{02A34CDD-F38E-4E36-B6A4-5B308679D065}.Debug|Desktop.ActiveCfg = Debug|Any CPU
		{02A34CDD-F38E-4E36-B6A4-5B308679D065}.Release|Android.ActiveCfg = Release|x64
		{02A34CDD-F38E-4E36-B6A4-5B308679D065}.Release|Android.Build.0 = Release|x64
		{02A34CDD-F38E-4E36-B6A4-5B308679D065}.Release|Desktop.ActiveCfg = Release|Any CPU
		{C0F66D54-3E3C-4BCB-A2B4-B60EFF6E4C89}.Debug|Android.ActiveCfg = Debug|Any CPU
		{C0F66D54-3E3C-4BCB-A2B4-B60EFF6E4C89}.Debug|Android.Build.0 = Debug|Any CPU
		{C0F66D54-3E3C-4BCB-A2B4-B60EFF6E4C89}.Debug|Desktop.ActiveCfg = Debug|Any CPU
		{C0F66D54-3E3C-4BCB-A2B4-B60EFF6E4C89}.Release|Android.ActiveCfg = Release|x64
		{C0F66D54-3E3C-4BCB-A2B4-B60EFF6E4C89}.Release|Android.Build.0 = Release|x64
		{C0F66D54-3E3C-4BCB-A2B4-B60EFF6E4C89}.Release|Desktop.ActiveCfg = Release|Any CPU
	EndGlobalSection
	GlobalSection(SolutionProperties) = preSolution
		HideSolutionNode = FALSE
	EndGlobalSection
	GlobalSection(ExtensibilityGlobals) = postSolution
		SolutionGuid = {C79C3B88-7C0E-420D-8A3A-47C7376E3C11}
	EndGlobalSection
EndGlobal
